
Microsoft Visual Studio Solution File, Format Version 12.00
# Visual Studio 2013
VisualStudioVersion = 12.0.31101.0
MinimumVisualStudioVersion = 10.0.40219.1
Project("{FAE04EC0-301F-11D3-BF4B-00C04F79EFBC}") = "FistDome", "FistDome\FistDome.csproj", "{C6E57FF1-41B6-4D9B-AA50-B14D77645F8B}"
EndProject
Global
	GlobalSection(SolutionConfigurationPlatforms) = preSolution
		Debug|Any CPU = Debug|Any CPU
		Release|Any CPU = Release|Any CPU
	EndGlobalSection
	GlobalSection(ProjectConfigurationPlatforms) = postSolution
		{C6E57FF1-41B6-4D9B-AA50-B14D77645F8B}.Debug|Any CPU.ActiveCfg = Debug|Any CPU
		{C6E57FF1-41B6-4D9B-AA50-B14D77645F8B}.Debug|Any CPU.Build.0 = Debug|Any CPU
		{C6E57FF1-41B6-4D9B-AA50-B14D77645F8B}.Release|Any CPU.ActiveCfg = Release|Any CPU
		{C6E57FF1-41B6-4D9B-AA50-B14D77645F8B}.Release|Any CPU.Build.0 = Release|Any CPU
	EndGlobalSection
	GlobalSection(SolutionProperties) = preSolution
		HideSolutionNode = FALSE
	EndGlobalSection
EndGlobal
